
Microsoft Visual Studio Solution File, Format Version 12.00
# Visual Studio Version 17
VisualStudioVersion = 17.6.33815.320
MinimumVisualStudioVersion = 10.0.40219.1
Project("{2150E333-8FDC-42A3-9474-1A3956D46DE8}") = "Src", "Src", "{B77E9D0F-72CF-4BEB-8874-A15DF83F48F3}"
EndProject
Project("{FAE04EC0-301F-11D3-BF4B-00C04F79EFBC}") = "EF_Core.WebApi", "EF_Core.WebApi\EF_Core.WebApi.csproj", "{99CAFFB4-4928-4D97-94DF-ED2D20716F86}"
EndProject
Global
	GlobalSection(SolutionConfigurationPlatforms) = preSolution
		Debug|Any CPU = Debug|Any CPU
		Release|Any CPU = Release|Any CPU
	EndGlobalSection
	GlobalSection(ProjectConfigurationPlatforms) = postSolution
		{99CAFFB4-4928-4D97-94DF-ED2D20716F86}.Debug|Any CPU.ActiveCfg = Debug|Any CPU
		{99CAFFB4-4928-4D97-94DF-ED2D20716F86}.Debug|Any CPU.Build.0 = Debug|Any CPU
		{99CAFFB4-4928-4D97-94DF-ED2D20716F86}.Release|Any CPU.ActiveCfg = Release|Any CPU
		{99CAFFB4-4928-4D97-94DF-ED2D20716F86}.Release|Any CPU.Build.0 = Release|Any CPU
	EndGlobalSection
	GlobalSection(SolutionProperties) = preSolution
		HideSolutionNode = FALSE
	EndGlobalSection
	GlobalSection(NestedProjects) = preSolution
		{99CAFFB4-4928-4D97-94DF-ED2D20716F86} = {B77E9D0F-72CF-4BEB-8874-A15DF83F48F3}
	EndGlobalSection
	GlobalSection(ExtensibilityGlobals) = postSolution
		SolutionGuid = {0A831B4C-D886-48A7-BF9A-DC98F924CC1E}
	EndGlobalSection
EndGlobal
